
Microsoft Visual Studio Solution File, Format Version 12.00
# Visual Studio Version 17
VisualStudioVersion = 17.8.34309.116
MinimumVisualStudioVersion = 10.0.40219.1
Project("{54A90642-561A-4BB1-A94E-469ADEE60C69}") = "vueasp.client", "vueasp.client\vueasp.client.esproj", "{C24F6E51-E52C-4E77-9679-A2E2D3A0C14F}"
EndProject
Project("{F184B08F-C81C-45F6-A57F-5ABD9991F28F}") = "VB.Server", "VB.Server\VB.Server.vbproj", "{87A31E46-0104-4F9D-A383-B55098C559F0}"
EndProject
Global
	GlobalSection(SolutionConfigurationPlatforms) = preSolution
		Debug|Any CPU = Debug|Any CPU
		Release|Any CPU = Release|Any CPU
	EndGlobalSection
	GlobalSection(ProjectConfigurationPlatforms) = postSolution
		{C24F6E51-E52C-4E77-9679-A2E2D3A0C14F}.Debug|Any CPU.ActiveCfg = Debug|Any CPU
		{C24F6E51-E52C-4E77-9679-A2E2D3A0C14F}.Debug|Any CPU.Build.0 = Debug|Any CPU
		{C24F6E51-E52C-4E77-9679-A2E2D3A0C14F}.Debug|Any CPU.Deploy.0 = Debug|Any CPU
		{C24F6E51-E52C-4E77-9679-A2E2D3A0C14F}.Release|Any CPU.ActiveCfg = Release|Any CPU
		{C24F6E51-E52C-4E77-9679-A2E2D3A0C14F}.Release|Any CPU.Build.0 = Release|Any CPU
		{C24F6E51-E52C-4E77-9679-A2E2D3A0C14F}.Release|Any CPU.Deploy.0 = Release|Any CPU
		{87A31E46-0104-4F9D-A383-B55098C559F0}.Debug|Any CPU.ActiveCfg = Debug|Any CPU
		{87A31E46-0104-4F9D-A383-B55098C559F0}.Debug|Any CPU.Build.0 = Debug|Any CPU
		{87A31E46-0104-4F9D-A383-B55098C559F0}.Release|Any CPU.ActiveCfg = Release|Any CPU
		{87A31E46-0104-4F9D-A383-B55098C559F0}.Release|Any CPU.Build.0 = Release|Any CPU
	EndGlobalSection
	GlobalSection(SolutionProperties) = preSolution
		HideSolutionNode = FALSE
	EndGlobalSection
	GlobalSection(ExtensibilityGlobals) = postSolution
		SolutionGuid = {4401705E-723A-42F9-BA6E-C8361434CEC2}
	EndGlobalSection
EndGlobal
